{
  "name": "vaga-frontend-teste",
  "version": "1.0.0",
  "lockfileVersion": 1,
  "requires": true,
  "dependencies": {
    "vue": {
      "version": "2.6.10",
      "resolved": "https://registry.npmjs.org/vue/-/vue-2.6.10.tgz",
      "integrity": "sha512-ImThpeNU9HbdZL3utgMCq0oiMzAkt1mcgy3/E6zWC/G6AaQoeuFdsl9nDhTDU3X1R6FK7nsIUuRACVcjI+A2GQ=="
    },
    "vue-axios": {
      "version": "2.1.5",
      "resolved": "https://registry.npmjs.org/vue-axios/-/vue-axios-2.1.5.tgz",
      "integrity": "sha512-th5xVbInVoyIoe+qY+9GCflEVezxAvztD4xpFF39SRQYqpoKD2qkmX8yv08jJG9a2SgNOCjirjJGSwg/wTrbmA=="
    }
  }
}
